// !$*UTF8*$!
{
	archiveVersion = 1;
	classes = {
	};
	objectVersion = 56;
	objects = {

/* Begin PBXBuildFile section */
		8694C1882996E52E00C414AE /* karla.ttf in Resources */ = {isa = PBXBuildFile; fileRef = 8694C1872996E52E00C414AE /* karla.ttf */; };
		8694C18C2996E87500C414AE /* MarkaziText-Medium.ttf in Resources */ = {isa = PBXBuildFile; fileRef = 8694C18B2996E87500C414AE /* MarkaziText-Medium.ttf */; };
		8694C18E2996E9B000C414AE /* MarkaziText-Regular.ttf in Resources */ = {isa = PBXBuildFile; fileRef = 8694C18D2996E9B000C414AE /* MarkaziText-Regular.ttf */; };
		86EDDF72299437A200FD4A35 /* LittleLemonApp.swift in Sources */ = {isa = PBXBuildFile; fileRef = 86EDDF71299437A200FD4A35 /* LittleLemonApp.swift */; };
		86EDDF76299437A300FD4A35 /* Assets.xcassets in Resources */ = {isa = PBXBuildFile; fileRef = 86EDDF75299437A300FD4A35 /* Assets.xcassets */; };
		86EDDF79299437A300FD4A35 /* Preview Assets.xcassets in Resources */ = {isa = PBXBuildFile; fileRef = 86EDDF78299437A300FD4A35 /* Preview Assets.xcassets */; };
		86EDDF9C29948EEA00FD4A35 /* OnBoarding.swift in Sources */ = {isa = PBXBuildFile; fileRef = 86EDDF9B29948EEA00FD4A35 /* OnBoarding.swift */; };
		86EDDFA02994CCEF00FD4A35 /* Home.swift in Sources */ = {isa = PBXBuildFile; fileRef = 86EDDF9F2994CCEF00FD4A35 /* Home.swift */; };
		86EDDFA22994CE5700FD4A35 /* Menu.swift in Sources */ = {isa = PBXBuildFile; fileRef = 86EDDFA12994CE5700FD4A35 /* Menu.swift */; };
		86EDDFA42994ED6F00FD4A35 /* UserProfile.swift in Sources */ = {isa = PBXBuildFile; fileRef = 86EDDFA32994ED6F00FD4A35 /* UserProfile.swift */; };
		86EDDFA72995792200FD4A35 /* Persistence.swift in Sources */ = {isa = PBXBuildFile; fileRef = 86EDDFA52995792200FD4A35 /* Persistence.swift */; };
		86EDDFA82995792200FD4A35 /* FetchedObjects.swift in Sources */ = {isa = PBXBuildFile; fileRef = 86EDDFA62995792200FD4A35 /* FetchedObjects.swift */; };
		86EDDFAB29957A8500FD4A35 /* MenuList.swift in Sources */ = {isa = PBXBuildFile; fileRef = 86EDDFAA29957A8500FD4A35 /* MenuList.swift */; };
		86EDDFAD29957A9200FD4A35 /* MenuItem.swift in Sources */ = {isa = PBXBuildFile; fileRef = 86EDDFAC29957A9200FD4A35 /* MenuItem.swift */; };
		86EDDFB02995865000FD4A35 /* ExampleDatabase.xcdatamodeld in Sources */ = {isa = PBXBuildFile; fileRef = 86EDDFAE2995865000FD4A35 /* ExampleDatabase.xcdatamodeld */; };
		86EDDFB42995A5EE00FD4A35 /* DetailView.swift in Sources */ = {isa = PBXBuildFile; fileRef = 86EDDFB32995A5EE00FD4A35 /* DetailView.swift */; };
		86EDDFB62995E83C00FD4A35 /* HeroView.swift in Sources */ = {isa = PBXBuildFile; fileRef = 86EDDFB52995E83C00FD4A35 /* HeroView.swift */; };
		86EDDFB92995EC4400FD4A35 /* LogoView.swift in Sources */ = {isa = PBXBuildFile; fileRef = 86EDDFB82995EC4400FD4A35 /* LogoView.swift */; };
		86EDDFBE29962A3300FD4A35 /* RegisterButton.swift in Sources */ = {isa = PBXBuildFile; fileRef = 86EDDFBD29962A3300FD4A35 /* RegisterButton.swift */; };
		86EDDFC029962D6A00FD4A35 /* LogoutButton.swift in Sources */ = {isa = PBXBuildFile; fileRef = 86EDDFBF29962D6A00FD4A35 /* LogoutButton.swift */; };
/* End PBXBuildFile section */

/* Begin PBXFileReference section */
		8694C1872996E52E00C414AE /* karla.ttf */ = {isa = PBXFileReference; lastKnownFileType = file; path = karla.ttf; sourceTree = "<group>"; };
		8694C18B2996E87500C414AE /* MarkaziText-Medium.ttf */ = {isa = PBXFileReference; lastKnownFileType = file; path = "MarkaziText-Medium.ttf"; sourceTree = "<group>"; };
		8694C18D2996E9B000C414AE /* MarkaziText-Regular.ttf */ = {isa = PBXFileReference; lastKnownFileType = file; path = "MarkaziText-Regular.ttf"; sourceTree = "<group>"; };
		86EDDF6E299437A200FD4A35 /* LittleLemon.app */ = {isa = PBXFileReference; explicitFileType = wrapper.application; includeInIndex = 0; path = LittleLemon.app; sourceTree = BUILT_PRODUCTS_DIR; };
		86EDDF71299437A200FD4A35 /* LittleLemonApp.swift */ = {isa = PBXFileReference; lastKnownFileType = sourcecode.swift; path = LittleLemonApp.swift; sourceTree = "<group>"; };
		86EDDF75299437A300FD4A35 /* Assets.xcassets */ = {isa = PBXFileReference; lastKnownFileType = folder.assetcatalog; path = Assets.xcassets; sourceTree = "<group>"; };
		86EDDF78299437A300FD4A35 /* Preview Assets.xcassets */ = {isa = PBXFileReference; lastKnownFileType = folder.assetcatalog; path = "Preview Assets.xcassets"; sourceTree = "<group>"; };
		86EDDF9B29948EEA00FD4A35 /* OnBoarding.swift */ = {isa = PBXFileReference; lastKnownFileType = sourcecode.swift; path = OnBoarding.swift; sourceTree = "<group>"; };
		86EDDF9E299493F200FD4A35 /* Info.plist */ = {isa = PBXFileReference; lastKnownFileType = text.plist; path = Info.plist; sourceTree = "<group>"; };
		86EDDF9F2994CCEF00FD4A35 /* Home.swift */ = {isa = PBXFileReference; lastKnownFileType = sourcecode.swift; path = Home.swift; sourceTree = "<group>"; };
		86EDDFA12994CE5700FD4A35 /* Menu.swift */ = {isa = PBXFileReference; lastKnownFileType = sourcecode.swift; path = Menu.swift; sourceTree = "<group>"; };
		86EDDFA32994ED6F00FD4A35 /* UserProfile.swift */ = {isa = PBXFileReference; lastKnownFileType = sourcecode.swift; path = UserProfile.swift; sourceTree = "<group>"; };
		86EDDFA52995792200FD4A35 /* Persistence.swift */ = {isa = PBXFileReference; fileEncoding = 4; lastKnownFileType = sourcecode.swift; path = Persistence.swift; sourceTree = "<group>"; };
		86EDDFA62995792200FD4A35 /* FetchedObjects.swift */ = {isa = PBXFileReference; fileEncoding = 4; lastKnownFileType = sourcecode.swift; path = FetchedObjects.swift; sourceTree = "<group>"; };
		86EDDFAA29957A8500FD4A35 /* MenuList.swift */ = {isa = PBXFileReference; lastKnownFileType = sourcecode.swift; path = MenuList.swift; sourceTree = "<group>"; };
		86EDDFAC29957A9200FD4A35 /* MenuItem.swift */ = {isa = PBXFileReference; lastKnownFileType = sourcecode.swift; path = MenuItem.swift; sourceTree = "<group>"; };
		86EDDFAF2995865000FD4A35 /* ExampleDatabase.xcdatamodel */ = {isa = PBXFileReference; lastKnownFileType = wrapper.xcdatamodel; path = ExampleDatabase.xcdatamodel; sourceTree = "<group>"; };
		86EDDFB32995A5EE00FD4A35 /* DetailView.swift */ = {isa = PBXFileReference; lastKnownFileType = sourcecode.swift; path = DetailView.swift; sourceTree = "<group>"; };
		86EDDFB52995E83C00FD4A35 /* HeroView.swift */ = {isa = PBXFileReference; lastKnownFileType = sourcecode.swift; path = HeroView.swift; sourceTree = "<group>"; };
		86EDDFB82995EC4400FD4A35 /* LogoView.swift */ = {isa = PBXFileReference; lastKnownFileType = sourcecode.swift; path = LogoView.swift; sourceTree = "<group>"; };
		86EDDFBD29962A3300FD4A35 /* RegisterButton.swift */ = {isa = PBXFileReference; lastKnownFileType = sourcecode.swift; path = RegisterButton.swift; sourceTree = "<group>"; };
		86EDDFBF29962D6A00FD4A35 /* LogoutButton.swift */ = {isa = PBXFileReference; lastKnownFileType = sourcecode.swift; path = LogoutButton.swift; sourceTree = "<group>"; };
/* End PBXFileReference section */

/* Begin PBXFrameworksBuildPhase section */
		86EDDF6B299437A200FD4A35 /* Frameworks */ = {
			isa = PBXFrameworksBuildPhase;
			buildActionMask = 2147483647;
			files = (
			);
			runOnlyForDeploymentPostprocessing = 0;
		};
/* End PBXFrameworksBuildPhase section */

/* Begin PBXGroup section */
		8694C1842996E32600C414AE /* Fonts */ = {
			isa = PBXGroup;
			children = (
				8694C1872996E52E00C414AE /* karla.ttf */,
				8694C18B2996E87500C414AE /* MarkaziText-Medium.ttf */,
				8694C18D2996E9B000C414AE /* MarkaziText-Regular.ttf */,
			);
			path = Fonts;
			sourceTree = "<group>";
		};
		86EDDF65299437A200FD4A35 = {
			isa = PBXGroup;
			children = (
				86EDDF70299437A200FD4A35 /* LittleLemon */,
				86EDDF6F299437A200FD4A35 /* Products */,
			);
			sourceTree = "<group>";
		};
		86EDDF6F299437A200FD4A35 /* Products */ = {
			isa = PBXGroup;
			children = (
				86EDDF6E299437A200FD4A35 /* LittleLemon.app */,
			);
			name = Products;
			sourceTree = "<group>";
		};
		86EDDF70299437A200FD4A35 /* LittleLemon */ = {
			isa = PBXGroup;
			children = (
				86EDDF9E299493F200FD4A35 /* Info.plist */,
				86EDDF71299437A200FD4A35 /* LittleLemonApp.swift */,
				8694C1842996E32600C414AE /* Fonts */,
				86EDDFA92995792A00FD4A35 /* Models */,
				86EDDF9D29948EFF00FD4A35 /* Views */,
				86EDDFB72995EC1900FD4A35 /* Components */,
				86EDDF75299437A300FD4A35 /* Assets.xcassets */,
				86EDDF77299437A300FD4A35 /* Preview Content */,
			);
			path = LittleLemon;
			sourceTree = "<group>";
		};
		86EDDF77299437A300FD4A35 /* Preview Content */ = {
			isa = PBXGroup;
			children = (
				86EDDF78299437A300FD4A35 /* Preview Assets.xcassets */,
			);
			path = "Preview Content";
			sourceTree = "<group>";
		};
		86EDDF9D29948EFF00FD4A35 /* Views */ = {
			isa = PBXGroup;
			children = (
				86EDDF9B29948EEA00FD4A35 /* OnBoarding.swift */,
				86EDDF9F2994CCEF00FD4A35 /* Home.swift */,
				86EDDFA12994CE5700FD4A35 /* Menu.swift */,
				86EDDFB32995A5EE00FD4A35 /* DetailView.swift */,
				86EDDFA32994ED6F00FD4A35 /* UserProfile.swift */,
				86EDDFB52995E83C00FD4A35 /* HeroView.swift */,
			);
			path = Views;
			sourceTree = "<group>";
		};
		86EDDFA92995792A00FD4A35 /* Models */ = {
			isa = PBXGroup;
			children = (
				86EDDFA62995792200FD4A35 /* FetchedObjects.swift */,
				86EDDFA52995792200FD4A35 /* Persistence.swift */,
				86EDDFAA29957A8500FD4A35 /* MenuList.swift */,
				86EDDFAC29957A9200FD4A35 /* MenuItem.swift */,
				86EDDFAE2995865000FD4A35 /* ExampleDatabase.xcdatamodeld */,
			);
			path = Models;
			sourceTree = "<group>";
		};
		86EDDFB72995EC1900FD4A35 /* Components */ = {
			isa = PBXGroup;
			children = (
				86EDDFB82995EC4400FD4A35 /* LogoView.swift */,
				86EDDFBD29962A3300FD4A35 /* RegisterButton.swift */,
				86EDDFBF29962D6A00FD4A35 /* LogoutButton.swift */,
			);
			path = Components;
			sourceTree = "<group>";
		};
/* End PBXGroup section */

/* Begin PBXNativeTarget section */
		86EDDF6D299437A200FD4A35 /* LittleLemon */ = {
			isa = PBXNativeTarget;
			buildConfigurationList = 86EDDF7C299437A300FD4A35 /* Build configuration list for PBXNativeTarget "LittleLemon" */;
			buildPhases = (
				86EDDF6A299437A200FD4A35 /* Sources */,
				86EDDF6B299437A200FD4A35 /* Frameworks */,
				86EDDF6C299437A200FD4A35 /* Resources */,
			);
			buildRules = (
			);
			dependencies = (
			);
			name = LittleLemon;
			productName = LittleLemon;
			productReference = 86EDDF6E299437A200FD4A35 /* LittleLemon.app */;
			productType = "com.apple.product-type.application";
		};
/* End PBXNativeTarget section */

/* Begin PBXProject section */
		86EDDF66299437A200FD4A35 /* Project object */ = {
			isa = PBXProject;
			attributes = {
				BuildIndependentTargetsInParallel = 1;
				LastSwiftUpdateCheck = 1420;
				LastUpgradeCheck = 1420;
				TargetAttributes = {
					86EDDF6D299437A200FD4A35 = {
						CreatedOnToolsVersion = 14.2;
					};
				};
			};
			buildConfigurationList = 86EDDF69299437A200FD4A35 /* Build configuration list for PBXProject "LittleLemon" */;
			compatibilityVersion = "Xcode 14.0";
			developmentRegion = en;
			hasScannedForEncodings = 0;
			knownRegions = (
				en,
				Base,
			);
			mainGroup = 86EDDF65299437A200FD4A35;
			productRefGroup = 86EDDF6F299437A200FD4A35 /* Products */;
			projectDirPath = "";
			projectRoot = "";
			targets = (
				86EDDF6D299437A200FD4A35 /* LittleLemon */,
			);
		};
/* End PBXProject section */

/* Begin PBXResourcesBuildPhase section */
		86EDDF6C299437A200FD4A35 /* Resources */ = {
			isa = PBXResourcesBuildPhase;
			buildActionMask = 2147483647;
			files = (
				8694C18E2996E9B000C414AE /* MarkaziText-Regular.ttf in Resources */,
				8694C1882996E52E00C414AE /* karla.ttf in Resources */,
				8694C18C2996E87500C414AE /* MarkaziText-Medium.ttf in Resources */,
				86EDDF79299437A300FD4A35 /* Preview Assets.xcassets in Resources */,
				86EDDF76299437A300FD4A35 /* Assets.xcassets in Resources */,
			);
			runOnlyForDeploymentPostprocessing = 0;
		};
/* End PBXResourcesBuildPhase section */

/* Begin PBXSourcesBuildPhase section */
		86EDDF6A299437A200FD4A35 /* Sources */ = {
			isa = PBXSourcesBuildPhase;
			buildActionMask = 2147483647;
			files = (
				86EDDFB02995865000FD4A35 /* ExampleDatabase.xcdatamodeld in Sources */,
				86EDDFC029962D6A00FD4A35 /* LogoutButton.swift in Sources */,
				86EDDFB42995A5EE00FD4A35 /* DetailView.swift in Sources */,
				86EDDF72299437A200FD4A35 /* LittleLemonApp.swift in Sources */,
				86EDDF9C29948EEA00FD4A35 /* OnBoarding.swift in Sources */,
				86EDDFA42994ED6F00FD4A35 /* UserProfile.swift in Sources */,
				86EDDFA72995792200FD4A35 /* Persistence.swift in Sources */,
				86EDDFA82995792200FD4A35 /* FetchedObjects.swift in Sources */,
				86EDDFA02994CCEF00FD4A35 /* Home.swift in Sources */,
				86EDDFBE29962A3300FD4A35 /* RegisterButton.swift in Sources */,
				86EDDFAB29957A8500FD4A35 /* MenuList.swift in Sources */,
				86EDDFB62995E83C00FD4A35 /* HeroView.swift in Sources */,
				86EDDFB92995EC4400FD4A35 /* LogoView.swift in Sources */,
				86EDDFA22994CE5700FD4A35 /* Menu.swift in Sources */,
				86EDDFAD29957A9200FD4A35 /* MenuItem.swift in Sources */,
			);
			runOnlyForDeploymentPostprocessing = 0;
		};
/* End PBXSourcesBuildPhase section */

/* Begin XCBuildConfiguration section */
		86EDDF7A299437A300FD4A35 /* Debug */ = {
			isa = XCBuildConfiguration;
			buildSettings = {
				ALWAYS_SEARCH_USER_PATHS = NO;
				CLANG_ANALYZER_NONNULL = YES;
				CLANG_ANALYZER_NUMBER_OBJECT_CONVERSION = YES_AGGRESSIVE;
				CLANG_CXX_LANGUAGE_STANDARD = "gnu++20";
				CLANG_ENABLE_MODULES = YES;
				CLANG_ENABLE_OBJC_ARC = YES;
				CLANG_ENABLE_OBJC_WEAK = YES;
				CLANG_WARN_BLOCK_CAPTURE_AUTORELEASING = YES;
				CLANG_WARN_BOOL_CONVERSION = YES;
				CLANG_WARN_COMMA = YES;
				CLANG_WARN_CONSTANT_CONVERSION = YES;
				CLANG_WARN_DEPRECATED_OBJC_IMPLEMENTATIONS = YES;
				CLANG_WARN_DIRECT_OBJC_ISA_USAGE = YES_ERROR;
				CLANG_WARN_DOCUMENTATION_COMMENTS = YES;
				CLANG_WARN_EMPTY_BODY = YES;
				CLANG_WARN_ENUM_CONVERSION = YES;
				CLANG_WARN_INFINITE_RECURSION = YES;
				CLANG_WARN_INT_CONVERSION = YES;
				CLANG_WARN_NON_LITERAL_NULL_CONVERSION = YES;
				CLANG_WARN_OBJC_IMPLICIT_RETAIN_SELF = YES;
				CLANG_WARN_OBJC_LITERAL_CONVERSION = YES;
				CLANG_WARN_OBJC_ROOT_CLASS = YES_ERROR;
				CLANG_WARN_QUOTED_INCLUDE_IN_FRAMEWORK_HEADER = YES;
				CLANG_WARN_RANGE_LOOP_ANALYSIS = YES;
				CLANG_WARN_STRICT_PROTOTYPES = YES;
				CLANG_WARN_SUSPICIOUS_MOVE = YES;
				CLANG_WARN_UNGUARDED_AVAILABILITY = YES_AGGRESSIVE;
				CLANG_WARN_UNREACHABLE_CODE = YES;
				CLANG_WARN__DUPLICATE_METHOD_MATCH = YES;
				COPY_PHASE_STRIP = NO;
				DEBUG_INFORMATION_FORMAT = dwarf;
				ENABLE_STRICT_OBJC_MSGSEND = YES;
				ENABLE_TESTABILITY = YES;
				GCC_C_LANGUAGE_STANDARD = gnu11;
				GCC_DYNAMIC_NO_PIC = NO;
				GCC_NO_COMMON_BLOCKS = YES;
				GCC_OPTIMIZATION_LEVEL = 0;
				GCC_PREPROCESSOR_DEFINITIONS = (
					"DEBUG=1",
					"$(inherited)",
				);
				GCC_WARN_64_TO_32_BIT_CONVERSION = YES;
				GCC_WARN_ABOUT_RETURN_TYPE = YES_ERROR;
				GCC_WARN_UNDECLARED_SELECTOR = YES;
				GCC_WARN_UNINITIALIZED_AUTOS = YES_AGGRESSIVE;
				GCC_WARN_UNUSED_FUNCTION = YES;
				GCC_WARN_UNUSED_VARIABLE = YES;
				INFOPLIST_KEY_UIApplicationSceneManifest_Generation = NO;
				IPHONEOS_DEPLOYMENT_TARGET = 16.2;
				MTL_ENABLE_DEBUG_INFO = INCLUDE_SOURCE;
				MTL_FAST_MATH = YES;
				ONLY_ACTIVE_ARCH = YES;
				SDKROOT = iphoneos;
				SWIFT_ACTIVE_COMPILATION_CONDITIONS = DEBUG;
				SWIFT_OPTIMIZATION_LEVEL = "-Onone";
			};
			name = Debug;
		};
		86EDDF7B299437A300FD4A35 /* Release */ = {
			isa = XCBuildConfiguration;
			buildSettings = {
				ALWAYS_SEARCH_USER_PATHS = NO;
				CLANG_ANALYZER_NONNULL = YES;
				CLANG_ANALYZER_NUMBER_OBJECT_CONVERSION = YES_AGGRESSIVE;
				CLANG_CXX_LANGUAGE_STANDARD = "gnu++20";
				CLANG_ENABLE_MODULES = YES;
				CLANG_ENABLE_OBJC_ARC = YES;
				CLANG_ENABLE_OBJC_WEAK = YES;
				CLANG_WARN_BLOCK_CAPTURE_AUTORELEASING = YES;
				CLANG_WARN_BOOL_CONVERSION = YES;
				CLANG_WARN_COMMA = YES;
				CLANG_WARN_CONSTANT_CONVERSION = YES;
				CLANG_WARN_DEPRECATED_OBJC_IMPLEMENTATIONS = YES;
				CLANG_WARN_DIRECT_OBJC_ISA_USAGE = YES_ERROR;
				CLANG_WARN_DOCUMENTATION_COMMENTS = YES;
				CLANG_WARN_EMPTY_BODY = YES;
				CLANG_WARN_ENUM_CONVERSION = YES;
				CLANG_WARN_INFINITE_RECURSION = YES;
				CLANG_WARN_INT_CONVERSION = YES;
				CLANG_WARN_NON_LITERAL_NULL_CONVERSION = YES;
				CLANG_WARN_OBJC_IMPLICIT_RETAIN_SELF = YES;
				CLANG_WARN_OBJC_LITERAL_CONVERSION = YES;
				CLANG_WARN_OBJC_ROOT_CLASS = YES_ERROR;
				CLANG_WARN_QUOTED_INCLUDE_IN_FRAMEWORK_HEADER = YES;
				CLANG_WARN_RANGE_LOOP_ANALYSIS = YES;
				CLANG_WARN_STRICT_PROTOTYPES = YES;
				CLANG_WARN_SUSPICIOUS_MOVE = YES;
				CLANG_WARN_UNGUARDED_AVAILABILITY = YES_AGGRESSIVE;
				CLANG_WARN_UNREACHABLE_CODE = YES;
				CLANG_WARN__DUPLICATE_METHOD_MATCH = YES;
				COPY_PHASE_STRIP = NO;
				DEBUG_INFORMATION_FORMAT = "dwarf-with-dsym";
				ENABLE_NS_ASSERTIONS = NO;
				ENABLE_STRICT_OBJC_MSGSEND = YES;
				GCC_C_LANGUAGE_STANDARD = gnu11;
				GCC_NO_COMMON_BLOCKS = YES;
				GCC_WARN_64_TO_32_BIT_CONVERSION = YES;
				GCC_WARN_ABOUT_RETURN_TYPE = YES_ERROR;
				GCC_WARN_UNDECLARED_SELECTOR = YES;
				GCC_WARN_UNINITIALIZED_AUTOS = YES_AGGRESSIVE;
				GCC_WARN_UNUSED_FUNCTION = YES;
				GCC_WARN_UNUSED_VARIABLE = YES;
				INFOPLIST_KEY_UIApplicationSceneManifest_Generation = NO;
				IPHONEOS_DEPLOYMENT_TARGET = 16.2;
				MTL_ENABLE_DEBUG_INFO = NO;
				MTL_FAST_MATH = YES;
				SDKROOT = iphoneos;
				SWIFT_COMPILATION_MODE = wholemodule;
				SWIFT_OPTIMIZATION_LEVEL = "-O";
				VALIDATE_PRODUCT = YES;
			};
			name = Release;
		};
		86EDDF7D299437A300FD4A35 /* Debug */ = {
			isa = XCBuildConfiguration;
			buildSettings = {
				ASSETCATALOG_COMPILER_APPICON_NAME = AppIcon;
				ASSETCATALOG_COMPILER_GLOBAL_ACCENT_COLOR_NAME = AccentColor;
				CODE_SIGN_STYLE = Automatic;
				CURRENT_PROJECT_VERSION = 1;
				DEVELOPMENT_ASSET_PATHS = "\"LittleLemon/Preview Content\"";
				DEVELOPMENT_TEAM = ZJBT7VM4WJ;
				ENABLE_PREVIEWS = YES;
				GENERATE_INFOPLIST_FILE = YES;
				INFOPLIST_FILE = LittleLemon/Info.plist;
				INFOPLIST_KEY_UIApplicationSupportsIndirectInputEvents = YES;
				INFOPLIST_KEY_UILaunchScreen_Generation = YES;
				INFOPLIST_KEY_UISupportedInterfaceOrientations_iPad = "UIInterfaceOrientationPortrait UIInterfaceOrientationPortraitUpsideDown UIInterfaceOrientationLandscapeLeft UIInterfaceOrientationLandscapeRight";
				INFOPLIST_KEY_UISupportedInterfaceOrientations_iPhone = "UIInterfaceOrientationPortrait UIInterfaceOrientationLandscapeLeft UIInterfaceOrientationLandscapeRight";
				LD_RUNPATH_SEARCH_PATHS = (
					"$(inherited)",
					"@executable_path/Frameworks",
				);
				MARKETING_VERSION = 1.0;
				PRODUCT_BUNDLE_IDENTIFIER = com.geo.LittleLemon;
				PRODUCT_NAME = "$(TARGET_NAME)";
				SWIFT_EMIT_LOC_STRINGS = YES;
				SWIFT_VERSION = 5.0;
				TARGETED_DEVICE_FAMILY = "1,2";
			};
			name = Debug;
		};
		86EDDF7E299437A300FD4A35 /* Release */ = {
			isa = XCBuildConfiguration;
			buildSettings = {
				ASSETCATALOG_COMPILER_APPICON_NAME = AppIcon;
				ASSETCATALOG_COMPILER_GLOBAL_ACCENT_COLOR_NAME = AccentColor;
				CODE_SIGN_STYLE = Automatic;
				CURRENT_PROJECT_VERSION = 1;
				DEVELOPMENT_ASSET_PATHS = "\"LittleLemon/Preview Content\"";
				DEVELOPMENT_TEAM = ZJBT7VM4WJ;
				ENABLE_PREVIEWS = YES;
				GENERATE_INFOPLIST_FILE = YES;
				INFOPLIST_FILE = LittleLemon/Info.plist;
				INFOPLIST_KEY_UIApplicationSupportsIndirectInputEvents = YES;
				INFOPLIST_KEY_UILaunchScreen_Generation = YES;
				INFOPLIST_KEY_UISupportedInterfaceOrientations_iPad = "UIInterfaceOrientationPortrait UIInterfaceOrientationPortraitUpsideDown UIInterfaceOrientationLandscapeLeft UIInterfaceOrientationLandscapeRight";
				INFOPLIST_KEY_UISupportedInterfaceOrientations_iPhone = "UIInterfaceOrientationPortrait UIInterfaceOrientationLandscapeLeft UIInterfaceOrientationLandscapeRight";
				LD_RUNPATH_SEARCH_PATHS = (
					"$(inherited)",
					"@executable_path/Frameworks",
				);
				MARKETING_VERSION = 1.0;
				PRODUCT_BUNDLE_IDENTIFIER = com.geo.LittleLemon;
				PRODUCT_NAME = "$(TARGET_NAME)";
				SWIFT_EMIT_LOC_STRINGS = YES;
				SWIFT_VERSION = 5.0;
				TARGETED_DEVICE_FAMILY = "1,2";
			};
			name = Release;
		};
/* End XCBuildConfiguration section */

/* Begin XCConfigurationList section */
		86EDDF69299437A200FD4A35 /* Build configuration list for PBXProject "LittleLemon" */ = {
			isa = XCConfigurationList;
			buildConfigurations = (
				86EDDF7A299437A300FD4A35 /* Debug */,
				86EDDF7B299437A300FD4A35 /* Release */,
			);
			defaultConfigurationIsVisible = 0;
			defaultConfigurationName = Release;
		};
		86EDDF7C299437A300FD4A35 /* Build configuration list for PBXNativeTarget "LittleLemon" */ = {
			isa = XCConfigurationList;
			buildConfigurations = (
				86EDDF7D299437A300FD4A35 /* Debug */,
				86EDDF7E299437A300FD4A35 /* Release */,
			);
			defaultConfigurationIsVisible = 0;
			defaultConfigurationName = Release;
		};
/* End XCConfigurationList section */

/* Begin XCVersionGroup section */
		86EDDFAE2995865000FD4A35 /* ExampleDatabase.xcdatamodeld */ = {
			isa = XCVersionGroup;
			children = (
				86EDDFAF2995865000FD4A35 /* ExampleDatabase.xcdatamodel */,
			);
			currentVersion = 86EDDFAF2995865000FD4A35 /* ExampleDatabase.xcdatamodel */;
			path = ExampleDatabase.xcdatamodeld;
			sourceTree = "<group>";
			versionGroupType = wrapper.xcdatamodel;
		};
/* End XCVersionGroup section */
	};
	rootObject = 86EDDF66299437A200FD4A35 /* Project object */;
}
